
Microsoft Visual Studio Solution File, Format Version 12.00
# Visual Studio Version 16
VisualStudioVersion = 16.0.30413.136
MinimumVisualStudioVersion = 10.0.40219.1
Project("{FAE04EC0-301F-11D3-BF4B-00C04F79EFBC}") = "WebApplication2", "WebApplication2\WebApplication2.csproj", "{F2977978-6DD7-4A5B-9C2F-69C519E121E8}"
EndProject
Project("{FAE04EC0-301F-11D3-BF4B-00C04F79EFBC}") = "BussinesLogic", "BussinesLogic\BussinesLogic.csproj", "{C5804FC4-9152-4AA0-ADED-A091F74D8B91}"
EndProject
Project("{FAE04EC0-301F-11D3-BF4B-00C04F79EFBC}") = "DataAccess", "DataAccess\DataAccess.csproj", "{852D40B6-CF1C-445F-857C-1883556D2CBE}"
EndProject
Global
	GlobalSection(SolutionConfigurationPlatforms) = preSolution
		Debug|Any CPU = Debug|Any CPU
		Release|Any CPU = Release|Any CPU
	EndGlobalSection
	GlobalSection(ProjectConfigurationPlatforms) = postSolution
		{F2977978-6DD7-4A5B-9C2F-69C519E121E8}.Debug|Any CPU.ActiveCfg = Debug|Any CPU
		{F2977978-6DD7-4A5B-9C2F-69C519E121E8}.Debug|Any CPU.Build.0 = Debug|Any CPU
		{F2977978-6DD7-4A5B-9C2F-69C519E121E8}.Release|Any CPU.ActiveCfg = Release|Any CPU
		{F2977978-6DD7-4A5B-9C2F-69C519E121E8}.Release|Any CPU.Build.0 = Release|Any CPU
		{C5804FC4-9152-4AA0-ADED-A091F74D8B91}.Debug|Any CPU.ActiveCfg = Debug|Any CPU
		{C5804FC4-9152-4AA0-ADED-A091F74D8B91}.Debug|Any CPU.Build.0 = Debug|Any CPU
		{C5804FC4-9152-4AA0-ADED-A091F74D8B91}.Release|Any CPU.ActiveCfg = Release|Any CPU
		{C5804FC4-9152-4AA0-ADED-A091F74D8B91}.Release|Any CPU.Build.0 = Release|Any CPU
		{852D40B6-CF1C-445F-857C-1883556D2CBE}.Debug|Any CPU.ActiveCfg = Debug|Any CPU
		{852D40B6-CF1C-445F-857C-1883556D2CBE}.Debug|Any CPU.Build.0 = Debug|Any CPU
		{852D40B6-CF1C-445F-857C-1883556D2CBE}.Release|Any CPU.ActiveCfg = Release|Any CPU
		{852D40B6-CF1C-445F-857C-1883556D2CBE}.Release|Any CPU.Build.0 = Release|Any CPU
	EndGlobalSection
	GlobalSection(SolutionProperties) = preSolution
		HideSolutionNode = FALSE
	EndGlobalSection
	GlobalSection(ExtensibilityGlobals) = postSolution
		SolutionGuid = {C1D99D21-0CF3-431A-8175-F37BFAFB878D}
	EndGlobalSection
EndGlobal
